
Microsoft Visual Studio Solution File, Format Version 12.00
# Visual Studio Version 16
VisualStudioVersion = 16.0.29102.190
MinimumVisualStudioVersion = 10.0.40219.1
Project("{FAE04EC0-301F-11D3-BF4B-00C04F79EFBC}") = "Feladat1", "ConsoleApp170\Feladat1.csproj", "{C4E1B255-94F3-4F32-B6CE-77860364CA0A}"
EndProject
Project("{FAE04EC0-301F-11D3-BF4B-00C04F79EFBC}") = "Feladat2", "kettes\Feladat2.csproj", "{AA2A92D1-A3DA-4F46-8C3A-5E5D184C89B5}"
EndProject
Project("{FAE04EC0-301F-11D3-BF4B-00C04F79EFBC}") = "Feladat3", "ConsoleApp1\Feladat3.csproj", "{3C6CBCD8-3A1B-42ED-8EAC-DA6A87119085}"
EndProject
Project("{FAE04EC0-301F-11D3-BF4B-00C04F79EFBC}") = "Feladat4_5", "ConsoleApp2\Feladat4_5.csproj", "{63664A7C-30AA-4C1B-9210-883A7EEEE50D}"
EndProject
Global
	GlobalSection(SolutionConfigurationPlatforms) = preSolution
		Debug|Any CPU = Debug|Any CPU
		Release|Any CPU = Release|Any CPU
	EndGlobalSection
	GlobalSection(ProjectConfigurationPlatforms) = postSolution
		{C4E1B255-94F3-4F32-B6CE-77860364CA0A}.Debug|Any CPU.ActiveCfg = Debug|Any CPU
		{C4E1B255-94F3-4F32-B6CE-77860364CA0A}.Debug|Any CPU.Build.0 = Debug|Any CPU
		{C4E1B255-94F3-4F32-B6CE-77860364CA0A}.Release|Any CPU.ActiveCfg = Release|Any CPU
		{C4E1B255-94F3-4F32-B6CE-77860364CA0A}.Release|Any CPU.Build.0 = Release|Any CPU
		{AA2A92D1-A3DA-4F46-8C3A-5E5D184C89B5}.Debug|Any CPU.ActiveCfg = Debug|Any CPU
		{AA2A92D1-A3DA-4F46-8C3A-5E5D184C89B5}.Debug|Any CPU.Build.0 = Debug|Any CPU
		{AA2A92D1-A3DA-4F46-8C3A-5E5D184C89B5}.Release|Any CPU.ActiveCfg = Release|Any CPU
		{AA2A92D1-A3DA-4F46-8C3A-5E5D184C89B5}.Release|Any CPU.Build.0 = Release|Any CPU
		{3C6CBCD8-3A1B-42ED-8EAC-DA6A87119085}.Debug|Any CPU.ActiveCfg = Debug|Any CPU
		{3C6CBCD8-3A1B-42ED-8EAC-DA6A87119085}.Debug|Any CPU.Build.0 = Debug|Any CPU
		{3C6CBCD8-3A1B-42ED-8EAC-DA6A87119085}.Release|Any CPU.ActiveCfg = Release|Any CPU
		{3C6CBCD8-3A1B-42ED-8EAC-DA6A87119085}.Release|Any CPU.Build.0 = Release|Any CPU
		{63664A7C-30AA-4C1B-9210-883A7EEEE50D}.Debug|Any CPU.ActiveCfg = Debug|Any CPU
		{63664A7C-30AA-4C1B-9210-883A7EEEE50D}.Debug|Any CPU.Build.0 = Debug|Any CPU
		{63664A7C-30AA-4C1B-9210-883A7EEEE50D}.Release|Any CPU.ActiveCfg = Release|Any CPU
		{63664A7C-30AA-4C1B-9210-883A7EEEE50D}.Release|Any CPU.Build.0 = Release|Any CPU
	EndGlobalSection
	GlobalSection(SolutionProperties) = preSolution
		HideSolutionNode = FALSE
	EndGlobalSection
	GlobalSection(ExtensibilityGlobals) = postSolution
		SolutionGuid = {B0917FD9-B049-47C8-87AE-C23B930064F7}
	EndGlobalSection
EndGlobal
