
Microsoft Visual Studio Solution File, Format Version 12.00
# Visual Studio Version 16
VisualStudioVersion = 16.0.29102.190
MinimumVisualStudioVersion = 10.0.40219.1
Project("{FAE04EC0-301F-11D3-BF4B-00C04F79EFBC}") = "ConsoleApp178", "ConsoleApp178\ConsoleApp178.csproj", "{B8ECF349-3FB3-4FC0-BF5B-464F4DCD86AB}"
EndProject
Global
	GlobalSection(SolutionConfigurationPlatforms) = preSolution
		Debug|Any CPU = Debug|Any CPU
		Release|Any CPU = Release|Any CPU
	EndGlobalSection
	GlobalSection(ProjectConfigurationPlatforms) = postSolution
		{B8ECF349-3FB3-4FC0-BF5B-464F4DCD86AB}.Debug|Any CPU.ActiveCfg = Debug|Any CPU
		{B8ECF349-3FB3-4FC0-BF5B-464F4DCD86AB}.Debug|Any CPU.Build.0 = Debug|Any CPU
		{B8ECF349-3FB3-4FC0-BF5B-464F4DCD86AB}.Release|Any CPU.ActiveCfg = Release|Any CPU
		{B8ECF349-3FB3-4FC0-BF5B-464F4DCD86AB}.Release|Any CPU.Build.0 = Release|Any CPU
	EndGlobalSection
	GlobalSection(SolutionProperties) = preSolution
		HideSolutionNode = FALSE
	EndGlobalSection
	GlobalSection(ExtensibilityGlobals) = postSolution
		SolutionGuid = {3BF59EF5-447C-4F14-8AE4-0BB5A62E0E5D}
	EndGlobalSection
EndGlobal
