
Microsoft Visual Studio Solution File, Format Version 12.00
# Visual Studio Version 16
VisualStudioVersion = 16.0.29102.190
MinimumVisualStudioVersion = 10.0.40219.1
Project("{FAE04EC0-301F-11D3-BF4B-00C04F79EFBC}") = "ConsoleApp199", "ConsoleApp199\ConsoleApp199.csproj", "{5DB1D37D-78A3-4882-8F16-84E939DC1923}"
EndProject
Global
	GlobalSection(SolutionConfigurationPlatforms) = preSolution
		Debug|Any CPU = Debug|Any CPU
		Release|Any CPU = Release|Any CPU
	EndGlobalSection
	GlobalSection(ProjectConfigurationPlatforms) = postSolution
		{5DB1D37D-78A3-4882-8F16-84E939DC1923}.Debug|Any CPU.ActiveCfg = Debug|Any CPU
		{5DB1D37D-78A3-4882-8F16-84E939DC1923}.Debug|Any CPU.Build.0 = Debug|Any CPU
		{5DB1D37D-78A3-4882-8F16-84E939DC1923}.Release|Any CPU.ActiveCfg = Release|Any CPU
		{5DB1D37D-78A3-4882-8F16-84E939DC1923}.Release|Any CPU.Build.0 = Release|Any CPU
	EndGlobalSection
	GlobalSection(SolutionProperties) = preSolution
		HideSolutionNode = FALSE
	EndGlobalSection
	GlobalSection(ExtensibilityGlobals) = postSolution
		SolutionGuid = {B78D314B-5EC3-40A5-8754-0400ADFCDBC7}
	EndGlobalSection
EndGlobal
